
Microsoft Visual Studio Solution File, Format Version 12.00
# Visual Studio Version 16
VisualStudioVersion = 16.0.30523.141
MinimumVisualStudioVersion = 10.0.40219.1
Project("{FAE04EC0-301F-11D3-BF4B-00C04F79EFBC}") = "DisqueraAlbumes", "DisqueraAlbumes\DisqueraAlbumes.csproj", "{B5CE18E1-9099-4FDC-9136-7D21E39E5931}"
EndProject
Project("{FAE04EC0-301F-11D3-BF4B-00C04F79EFBC}") = "DisqueraAlbumes.Domain", "DisqueraAlbumes.Domain\DisqueraAlbumes.Domain.csproj", "{80B7803B-B26F-4935-9245-BCB83C03139E}"
EndProject
Project("{FAE04EC0-301F-11D3-BF4B-00C04F79EFBC}") = "DisqueraAlbumesServices", "DisqueraAlbumesServices\DisqueraAlbumesServices.csproj", "{AC408523-5C91-4DF8-B96F-45D43AC46B0C}"
EndProject
Global
	GlobalSection(SolutionConfigurationPlatforms) = preSolution
		Debug|Any CPU = Debug|Any CPU
		Release|Any CPU = Release|Any CPU
	EndGlobalSection
	GlobalSection(ProjectConfigurationPlatforms) = postSolution
		{B5CE18E1-9099-4FDC-9136-7D21E39E5931}.Debug|Any CPU.ActiveCfg = Debug|Any CPU
		{B5CE18E1-9099-4FDC-9136-7D21E39E5931}.Debug|Any CPU.Build.0 = Debug|Any CPU
		{B5CE18E1-9099-4FDC-9136-7D21E39E5931}.Release|Any CPU.ActiveCfg = Release|Any CPU
		{B5CE18E1-9099-4FDC-9136-7D21E39E5931}.Release|Any CPU.Build.0 = Release|Any CPU
		{80B7803B-B26F-4935-9245-BCB83C03139E}.Debug|Any CPU.ActiveCfg = Debug|Any CPU
		{80B7803B-B26F-4935-9245-BCB83C03139E}.Debug|Any CPU.Build.0 = Debug|Any CPU
		{80B7803B-B26F-4935-9245-BCB83C03139E}.Release|Any CPU.ActiveCfg = Release|Any CPU
		{80B7803B-B26F-4935-9245-BCB83C03139E}.Release|Any CPU.Build.0 = Release|Any CPU
		{AC408523-5C91-4DF8-B96F-45D43AC46B0C}.Debug|Any CPU.ActiveCfg = Debug|Any CPU
		{AC408523-5C91-4DF8-B96F-45D43AC46B0C}.Debug|Any CPU.Build.0 = Debug|Any CPU
		{AC408523-5C91-4DF8-B96F-45D43AC46B0C}.Release|Any CPU.ActiveCfg = Release|Any CPU
		{AC408523-5C91-4DF8-B96F-45D43AC46B0C}.Release|Any CPU.Build.0 = Release|Any CPU
	EndGlobalSection
	GlobalSection(SolutionProperties) = preSolution
		HideSolutionNode = FALSE
	EndGlobalSection
	GlobalSection(ExtensibilityGlobals) = postSolution
		SolutionGuid = {FB526FAE-9933-4E43-B8B9-3C503CE70119}
	EndGlobalSection
EndGlobal
